{
    "_readme": [
        "This file locks the dependencies of your project to a known state",
        "Read more about it at https://getcomposer.org/doc/01-basic-usage.md#composer-lock-the-lock-file",
        "This file is @generated automatically"
    ],
    "hash": "ec07ab476bfca24f2b5de2c7b0fd0f68",
    "content-hash": "ea2797cc128f968ea802e1e53f0d0417",
    "packages": [
        {
            "name": "mbostock/d3",
            "version": "v3.5.16",
            "source": {
                "type": "git",
                "url": "https://github.com/mbostock/d3.git",
                "reference": "c36befc7361cd61538294048c387a8a407b65dd1"
            },
            "dist": {
                "type": "zip",
                "url": "https://api.github.com/repos/mbostock/d3/zipball/c36befc7361cd61538294048c387a8a407b65dd1",
                "reference": "c36befc7361cd61538294048c387a8a407b65dd1",
                "shasum": ""
            },
            "type": "library",
            "notification-url": "https://packagist.org/downloads/",
            "license": [
                "BSD-3-Clause"
            ],
            "authors": [
                {
                    "name": "Mike Bostock",
                    "homepage": "http://bost.ocks.org/mike"
                }
            ],
            "description": "A JavaScript visualization library for HTML and SVG.",
            "homepage": "http://d3js.org/",
            "keywords": [
                "W3C",
                "animation",
                "canvas",
                "dom",
                "svg",
                "visualization"
            ],
            "time": "2016-02-18 01:37:32"
        }
    ],
    "packages-dev": [],
    "aliases": [],
    "minimum-stability": "stable",
    "stability-flags": [],
    "prefer-stable": false,
    "prefer-lowest": false,
    "platform": [],
    "platform-dev": []
}
